
Microsoft Visual Studio Solution File, Format Version 12.00
# Visual Studio 15
VisualStudioVersion = 15.0.28010.2019
MinimumVisualStudioVersion = 10.0.40219.1
Project("{FAE04EC0-301F-11D3-BF4B-00C04F79EFBC}") = "Reflection", "Reflection\Reflection.csproj", "{361F8F9B-AFC9-4770-B105-52DF77168E93}"
EndProject
Project("{FAE04EC0-301F-11D3-BF4B-00C04F79EFBC}") = "Hellper", "Hellper\Hellper.csproj", "{8D8CAC80-82D7-4637-A1A8-A55FFF7E55F4}"
EndProject
Global
	GlobalSection(SolutionConfigurationPlatforms) = preSolution
		Debug|Any CPU = Debug|Any CPU
		Release|Any CPU = Release|Any CPU
	EndGlobalSection
	GlobalSection(ProjectConfigurationPlatforms) = postSolution
		{361F8F9B-AFC9-4770-B105-52DF77168E93}.Debug|Any CPU.ActiveCfg = Debug|Any CPU
		{361F8F9B-AFC9-4770-B105-52DF77168E93}.Debug|Any CPU.Build.0 = Debug|Any CPU
		{361F8F9B-AFC9-4770-B105-52DF77168E93}.Release|Any CPU.ActiveCfg = Release|Any CPU
		{361F8F9B-AFC9-4770-B105-52DF77168E93}.Release|Any CPU.Build.0 = Release|Any CPU
		{8D8CAC80-82D7-4637-A1A8-A55FFF7E55F4}.Debug|Any CPU.ActiveCfg = Debug|Any CPU
		{8D8CAC80-82D7-4637-A1A8-A55FFF7E55F4}.Debug|Any CPU.Build.0 = Debug|Any CPU
		{8D8CAC80-82D7-4637-A1A8-A55FFF7E55F4}.Release|Any CPU.ActiveCfg = Release|Any CPU
		{8D8CAC80-82D7-4637-A1A8-A55FFF7E55F4}.Release|Any CPU.Build.0 = Release|Any CPU
	EndGlobalSection
	GlobalSection(SolutionProperties) = preSolution
		HideSolutionNode = FALSE
	EndGlobalSection
	GlobalSection(ExtensibilityGlobals) = postSolution
		SolutionGuid = {2D80E61F-8B7E-40FA-A07E-B75AF1173E63}
	EndGlobalSection
EndGlobal
